
Microsoft Visual Studio Solution File, Format Version 12.00
# Visual Studio Version 17
VisualStudioVersion = 17.11.35303.130
MinimumVisualStudioVersion = 10.0.40219.1
Project("{FAE04EC0-301F-11D3-BF4B-00C04F79EFBC}") = "DesktopFrontend", "DesktopFrontend\DesktopFrontend.csproj", "{91B6F609-F08B-4C10-88E5-8A6D3CF0343B}"
EndProject
Project("{FAE04EC0-301F-11D3-BF4B-00C04F79EFBC}") = "Backend", "Backend\Backend.csproj", "{BD6FC19F-3D0B-4C11-B1B3-B9C746A9AB66}"
EndProject
Global
	GlobalSection(SolutionConfigurationPlatforms) = preSolution
		Debug|Any CPU = Debug|Any CPU
		Release|Any CPU = Release|Any CPU
	EndGlobalSection
	GlobalSection(ProjectConfigurationPlatforms) = postSolution
		{91B6F609-F08B-4C10-88E5-8A6D3CF0343B}.Debug|Any CPU.ActiveCfg = Debug|Any CPU
		{91B6F609-F08B-4C10-88E5-8A6D3CF0343B}.Debug|Any CPU.Build.0 = Debug|Any CPU
		{91B6F609-F08B-4C10-88E5-8A6D3CF0343B}.Release|Any CPU.ActiveCfg = Release|Any CPU
		{91B6F609-F08B-4C10-88E5-8A6D3CF0343B}.Release|Any CPU.Build.0 = Release|Any CPU
		{BD6FC19F-3D0B-4C11-B1B3-B9C746A9AB66}.Debug|Any CPU.ActiveCfg = Debug|Any CPU
		{BD6FC19F-3D0B-4C11-B1B3-B9C746A9AB66}.Debug|Any CPU.Build.0 = Debug|Any CPU
		{BD6FC19F-3D0B-4C11-B1B3-B9C746A9AB66}.Release|Any CPU.ActiveCfg = Release|Any CPU
		{BD6FC19F-3D0B-4C11-B1B3-B9C746A9AB66}.Release|Any CPU.Build.0 = Release|Any CPU
	EndGlobalSection
	GlobalSection(SolutionProperties) = preSolution
		HideSolutionNode = FALSE
	EndGlobalSection
	GlobalSection(ExtensibilityGlobals) = postSolution
		SolutionGuid = {165AB320-2906-448C-B572-17CA4970700E}
	EndGlobalSection
EndGlobal
